
Microsoft Visual Studio Solution File, Format Version 12.00
# Visual Studio Version 17
VisualStudioVersion = 17.5.33516.290
MinimumVisualStudioVersion = 10.0.40219.1
Project("{FAE04EC0-301F-11D3-BF4B-00C04F79EFBC}") = "Exam", "Exam\Exam.csproj", "{045D7CE3-968D-4C83-96A2-C81B8E9EDB1C}"
EndProject
Global
	GlobalSection(SolutionConfigurationPlatforms) = preSolution
		Debug|Any CPU = Debug|Any CPU
		Release|Any CPU = Release|Any CPU
	EndGlobalSection
	GlobalSection(ProjectConfigurationPlatforms) = postSolution
		{045D7CE3-968D-4C83-96A2-C81B8E9EDB1C}.Debug|Any CPU.ActiveCfg = Debug|Any CPU
		{045D7CE3-968D-4C83-96A2-C81B8E9EDB1C}.Debug|Any CPU.Build.0 = Debug|Any CPU
		{045D7CE3-968D-4C83-96A2-C81B8E9EDB1C}.Release|Any CPU.ActiveCfg = Release|Any CPU
		{045D7CE3-968D-4C83-96A2-C81B8E9EDB1C}.Release|Any CPU.Build.0 = Release|Any CPU
	EndGlobalSection
	GlobalSection(SolutionProperties) = preSolution
		HideSolutionNode = FALSE
	EndGlobalSection
	GlobalSection(ExtensibilityGlobals) = postSolution
		SolutionGuid = {8BC74EAC-D7D0-42D9-9053-6C7CF2F870F9}
	EndGlobalSection
EndGlobal
